
Microsoft Visual Studio Solution File, Format Version 12.00
# Visual Studio Version 17
VisualStudioVersion = 17.11.35222.181
MinimumVisualStudioVersion = 10.0.40219.1
Project("{FAE04EC0-301F-11D3-BF4B-00C04F79EFBC}") = "WinFormsApp1", "WinFormsApp1\WinFormsApp1.csproj", "{41F5C073-CBDE-45B8-A089-0C660953B844}"
EndProject
Global
	GlobalSection(SolutionConfigurationPlatforms) = preSolution
		Debug|Any CPU = Debug|Any CPU
		Release|Any CPU = Release|Any CPU
	EndGlobalSection
	GlobalSection(ProjectConfigurationPlatforms) = postSolution
		{41F5C073-CBDE-45B8-A089-0C660953B844}.Debug|Any CPU.ActiveCfg = Debug|Any CPU
		{41F5C073-CBDE-45B8-A089-0C660953B844}.Debug|Any CPU.Build.0 = Debug|Any CPU
		{41F5C073-CBDE-45B8-A089-0C660953B844}.Release|Any CPU.ActiveCfg = Release|Any CPU
		{41F5C073-CBDE-45B8-A089-0C660953B844}.Release|Any CPU.Build.0 = Release|Any CPU
	EndGlobalSection
	GlobalSection(SolutionProperties) = preSolution
		HideSolutionNode = FALSE
	EndGlobalSection
	GlobalSection(ExtensibilityGlobals) = postSolution
		SolutionGuid = {0B462367-DF6F-4986-A0CF-B1DE311547F9}
	EndGlobalSection
EndGlobal
